
Microsoft Visual Studio Solution File, Format Version 12.00
# Visual Studio Version 16
VisualStudioVersion = 16.0.28803.352
MinimumVisualStudioVersion = 10.0.40219.1
Project("{8BC9CEB8-8B4A-11D0-8D11-00A0C91BC942}") = "userMouse", "userMouse.vcxproj", "{82272BBC-C194-4069-8201-CEC6C34F7BDE}"
EndProject
Global
	GlobalSection(SolutionConfigurationPlatforms) = preSolution
		Debug|x64 = Debug|x64
		Debug|x86 = Debug|x86
		Release|x64 = Release|x64
		Release|x86 = Release|x86
	EndGlobalSection
	GlobalSection(ProjectConfigurationPlatforms) = postSolution
		{82272BBC-C194-4069-8201-CEC6C34F7BDE}.Debug|x64.ActiveCfg = Debug|x64
		{82272BBC-C194-4069-8201-CEC6C34F7BDE}.Debug|x64.Build.0 = Debug|x64
		{82272BBC-C194-4069-8201-CEC6C34F7BDE}.Debug|x86.ActiveCfg = Debug|Win32
		{82272BBC-C194-4069-8201-CEC6C34F7BDE}.Debug|x86.Build.0 = Debug|Win32
		{82272BBC-C194-4069-8201-CEC6C34F7BDE}.Release|x64.ActiveCfg = Release|x64
		{82272BBC-C194-4069-8201-CEC6C34F7BDE}.Release|x64.Build.0 = Release|x64
		{82272BBC-C194-4069-8201-CEC6C34F7BDE}.Release|x86.ActiveCfg = Release|Win32
		{82272BBC-C194-4069-8201-CEC6C34F7BDE}.Release|x86.Build.0 = Release|Win32
	EndGlobalSection
	GlobalSection(SolutionProperties) = preSolution
		HideSolutionNode = FALSE
	EndGlobalSection
	GlobalSection(ExtensibilityGlobals) = postSolution
		SolutionGuid = {51E6B956-1AEA-4225-BE47-E7A11C6E081C}
	EndGlobalSection
EndGlobal
